// !$*UTF8*$!
{
	archiveVersion = 1;
	classes = {
	};
	objectVersion = 56;
	objects = {

/* Begin PBXBuildFile section */
		424237892BDC24C800215ECE /* patient_signUpVC.swift in Sources */ = {isa = PBXBuildFile; fileRef = 424237882BDC24C800215ECE /* patient_signUpVC.swift */; };
		4242378D2BDC504100215ECE /* String+trimning.swift in Sources */ = {isa = PBXBuildFile; fileRef = 4242378C2BDC504100215ECE /* String+trimning.swift */; };
		4242378F2BDC50C700215ECE /* ValidationManager.swift in Sources */ = {isa = PBXBuildFile; fileRef = 4242378E2BDC50C700215ECE /* ValidationManager.swift */; };
		424237912BDC5A1900215ECE /* Doctor.swift in Sources */ = {isa = PBXBuildFile; fileRef = 424237902BDC5A1900215ECE /* Doctor.swift */; };
		424237932BDC5CCB00215ECE /* UserdefualtManager.swift in Sources */ = {isa = PBXBuildFile; fileRef = 424237922BDC5CCB00215ECE /* UserdefualtManager.swift */; };
		424237952BDC628E00215ECE /* UIViewControler+Alert.swift in Sources */ = {isa = PBXBuildFile; fileRef = 424237942BDC628E00215ECE /* UIViewControler+Alert.swift */; };
		424F221D2BD9B75300154AF6 /* Patient_LoginVC.swift in Sources */ = {isa = PBXBuildFile; fileRef = 424F221C2BD9B75300154AF6 /* Patient_LoginVC.swift */; };
		424F221F2BD9C0F700154AF6 /* medical_loginVC.swift in Sources */ = {isa = PBXBuildFile; fileRef = 424F221E2BD9C0F700154AF6 /* medical_loginVC.swift */; };
		424F22232BD9C4B600154AF6 /* medical_signUpVC.swift in Sources */ = {isa = PBXBuildFile; fileRef = 424F22222BD9C4B600154AF6 /* medical_signUpVC.swift */; };
		427C98272BDD2DF400939933 /* TransformVC.swift in Sources */ = {isa = PBXBuildFile; fileRef = 427C98262BDD2DF400939933 /* TransformVC.swift */; };
		428497E02BD9AC6300E18E9D /* AppDelegate.swift in Sources */ = {isa = PBXBuildFile; fileRef = 428497DF2BD9AC6300E18E9D /* AppDelegate.swift */; };
		428497E22BD9AC6300E18E9D /* SceneDelegate.swift in Sources */ = {isa = PBXBuildFile; fileRef = 428497E12BD9AC6300E18E9D /* SceneDelegate.swift */; };
		428497E42BD9AC6300E18E9D /* ViewController.swift in Sources */ = {isa = PBXBuildFile; fileRef = 428497E32BD9AC6300E18E9D /* ViewController.swift */; };
		428497E72BD9AC6300E18E9D /* Main.storyboard in Resources */ = {isa = PBXBuildFile; fileRef = 428497E52BD9AC6300E18E9D /* Main.storyboard */; };
		428497E92BD9AC6400E18E9D /* Assets.xcassets in Resources */ = {isa = PBXBuildFile; fileRef = 428497E82BD9AC6400E18E9D /* Assets.xcassets */; };
		428497EC2BD9AC6400E18E9D /* LaunchScreen.storyboard in Resources */ = {isa = PBXBuildFile; fileRef = 428497EA2BD9AC6400E18E9D /* LaunchScreen.storyboard */; };
/* End PBXBuildFile section */

/* Begin PBXFileReference section */
		424237882BDC24C800215ECE /* patient_signUpVC.swift */ = {isa = PBXFileReference; lastKnownFileType = sourcecode.swift; path = patient_signUpVC.swift; sourceTree = "<group>"; };
		4242378C2BDC504100215ECE /* String+trimning.swift */ = {isa = PBXFileReference; lastKnownFileType = sourcecode.swift; path = "String+trimning.swift"; sourceTree = "<group>"; };
		4242378E2BDC50C700215ECE /* ValidationManager.swift */ = {isa = PBXFileReference; lastKnownFileType = sourcecode.swift; path = ValidationManager.swift; sourceTree = "<group>"; };
		424237902BDC5A1900215ECE /* Doctor.swift */ = {isa = PBXFileReference; lastKnownFileType = sourcecode.swift; path = Doctor.swift; sourceTree = "<group>"; };
		424237922BDC5CCB00215ECE /* UserdefualtManager.swift */ = {isa = PBXFileReference; lastKnownFileType = sourcecode.swift; path = UserdefualtManager.swift; sourceTree = "<group>"; };
		424237942BDC628E00215ECE /* UIViewControler+Alert.swift */ = {isa = PBXFileReference; lastKnownFileType = sourcecode.swift; path = "UIViewControler+Alert.swift"; sourceTree = "<group>"; };
		424F221C2BD9B75300154AF6 /* Patient_LoginVC.swift */ = {isa = PBXFileReference; lastKnownFileType = sourcecode.swift; path = Patient_LoginVC.swift; sourceTree = "<group>"; };
		424F221E2BD9C0F700154AF6 /* medical_loginVC.swift */ = {isa = PBXFileReference; lastKnownFileType = sourcecode.swift; path = medical_loginVC.swift; sourceTree = "<group>"; };
		424F22222BD9C4B600154AF6 /* medical_signUpVC.swift */ = {isa = PBXFileReference; lastKnownFileType = sourcecode.swift; path = medical_signUpVC.swift; sourceTree = "<group>"; };
		427C98262BDD2DF400939933 /* TransformVC.swift */ = {isa = PBXFileReference; lastKnownFileType = sourcecode.swift; path = TransformVC.swift; sourceTree = "<group>"; };
		428497DC2BD9AC6300E18E9D /* docLink.app */ = {isa = PBXFileReference; explicitFileType = wrapper.application; includeInIndex = 0; path = docLink.app; sourceTree = BUILT_PRODUCTS_DIR; };
		428497DF2BD9AC6300E18E9D /* AppDelegate.swift */ = {isa = PBXFileReference; lastKnownFileType = sourcecode.swift; path = AppDelegate.swift; sourceTree = "<group>"; };
		428497E12BD9AC6300E18E9D /* SceneDelegate.swift */ = {isa = PBXFileReference; lastKnownFileType = sourcecode.swift; path = SceneDelegate.swift; sourceTree = "<group>"; };
		428497E32BD9AC6300E18E9D /* ViewController.swift */ = {isa = PBXFileReference; lastKnownFileType = sourcecode.swift; path = ViewController.swift; sourceTree = "<group>"; };
		428497E62BD9AC6300E18E9D /* Base */ = {isa = PBXFileReference; lastKnownFileType = file.storyboard; name = Base; path = Base.lproj/Main.storyboard; sourceTree = "<group>"; };
		428497E82BD9AC6400E18E9D /* Assets.xcassets */ = {isa = PBXFileReference; lastKnownFileType = folder.assetcatalog; path = Assets.xcassets; sourceTree = "<group>"; };
		428497EB2BD9AC6400E18E9D /* Base */ = {isa = PBXFileReference; lastKnownFileType = file.storyboard; name = Base; path = Base.lproj/LaunchScreen.storyboard; sourceTree = "<group>"; };
		428497ED2BD9AC6400E18E9D /* Info.plist */ = {isa = PBXFileReference; lastKnownFileType = text.plist.xml; path = Info.plist; sourceTree = "<group>"; };
/* End PBXFileReference section */

/* Begin PBXFrameworksBuildPhase section */
		428497D92BD9AC6300E18E9D /* Frameworks */ = {
			isa = PBXFrameworksBuildPhase;
			buildActionMask = 2147483647;
			files = (
			);
			runOnlyForDeploymentPostprocessing = 0;
		};
/* End PBXFrameworksBuildPhase section */

/* Begin PBXGroup section */
		428497D32BD9AC6300E18E9D = {
			isa = PBXGroup;
			children = (
				428497DE2BD9AC6300E18E9D /* docLink */,
				428497DD2BD9AC6300E18E9D /* Products */,
			);
			sourceTree = "<group>";
		};
		428497DD2BD9AC6300E18E9D /* Products */ = {
			isa = PBXGroup;
			children = (
				428497DC2BD9AC6300E18E9D /* docLink.app */,
			);
			name = Products;
			sourceTree = "<group>";
		};
		428497DE2BD9AC6300E18E9D /* docLink */ = {
			isa = PBXGroup;
			children = (
				428497DF2BD9AC6300E18E9D /* AppDelegate.swift */,
				428497E12BD9AC6300E18E9D /* SceneDelegate.swift */,
				428497E32BD9AC6300E18E9D /* ViewController.swift */,
				428497E52BD9AC6300E18E9D /* Main.storyboard */,
				424F221C2BD9B75300154AF6 /* Patient_LoginVC.swift */,
				424237882BDC24C800215ECE /* patient_signUpVC.swift */,
				424F221E2BD9C0F700154AF6 /* medical_loginVC.swift */,
				424F22222BD9C4B600154AF6 /* medical_signUpVC.swift */,
				427C98262BDD2DF400939933 /* TransformVC.swift */,
				428497E82BD9AC6400E18E9D /* Assets.xcassets */,
				428497EA2BD9AC6400E18E9D /* LaunchScreen.storyboard */,
				428497ED2BD9AC6400E18E9D /* Info.plist */,
				4242378E2BDC50C700215ECE /* ValidationManager.swift */,
				424237902BDC5A1900215ECE /* Doctor.swift */,
				4242378C2BDC504100215ECE /* String+trimning.swift */,
				424237922BDC5CCB00215ECE /* UserdefualtManager.swift */,
				424237942BDC628E00215ECE /* UIViewControler+Alert.swift */,
			);
			path = docLink;
			sourceTree = "<group>";
		};
/* End PBXGroup section */

/* Begin PBXNativeTarget section */
		428497DB2BD9AC6300E18E9D /* docLink */ = {
			isa = PBXNativeTarget;
			buildConfigurationList = 428497F02BD9AC6400E18E9D /* Build configuration list for PBXNativeTarget "docLink" */;
			buildPhases = (
				428497D82BD9AC6300E18E9D /* Sources */,
				428497D92BD9AC6300E18E9D /* Frameworks */,
				428497DA2BD9AC6300E18E9D /* Resources */,
			);
			buildRules = (
			);
			dependencies = (
			);
			name = docLink;
			productName = docLink;
			productReference = 428497DC2BD9AC6300E18E9D /* docLink.app */;
			productType = "com.apple.product-type.application";
		};
/* End PBXNativeTarget section */

/* Begin PBXProject section */
		428497D42BD9AC6300E18E9D /* Project object */ = {
			isa = PBXProject;
			attributes = {
				BuildIndependentTargetsInParallel = 1;
				LastSwiftUpdateCheck = 1420;
				LastUpgradeCheck = 1420;
				TargetAttributes = {
					428497DB2BD9AC6300E18E9D = {
						CreatedOnToolsVersion = 14.2;
					};
				};
			};
			buildConfigurationList = 428497D72BD9AC6300E18E9D /* Build configuration list for PBXProject "docLink" */;
			compatibilityVersion = "Xcode 14.0";
			developmentRegion = en;
			hasScannedForEncodings = 0;
			knownRegions = (
				en,
				Base,
			);
			mainGroup = 428497D32BD9AC6300E18E9D;
			packageReferences = (
				424F22242BDACB4E00154AF6 /* XCRemoteSwiftPackageReference "ios-maps-sdk" */,
			);
			productRefGroup = 428497DD2BD9AC6300E18E9D /* Products */;
			projectDirPath = "";
			projectRoot = "";
			targets = (
				428497DB2BD9AC6300E18E9D /* docLink */,
			);
		};
/* End PBXProject section */

/* Begin PBXResourcesBuildPhase section */
		428497DA2BD9AC6300E18E9D /* Resources */ = {
			isa = PBXResourcesBuildPhase;
			buildActionMask = 2147483647;
			files = (
				428497EC2BD9AC6400E18E9D /* LaunchScreen.storyboard in Resources */,
				428497E92BD9AC6400E18E9D /* Assets.xcassets in Resources */,
				428497E72BD9AC6300E18E9D /* Main.storyboard in Resources */,
			);
			runOnlyForDeploymentPostprocessing = 0;
		};
/* End PBXResourcesBuildPhase section */

/* Begin PBXSourcesBuildPhase section */
		428497D82BD9AC6300E18E9D /* Sources */ = {
			isa = PBXSourcesBuildPhase;
			buildActionMask = 2147483647;
			files = (
				424237892BDC24C800215ECE /* patient_signUpVC.swift in Sources */,
				428497E42BD9AC6300E18E9D /* ViewController.swift in Sources */,
				424237952BDC628E00215ECE /* UIViewControler+Alert.swift in Sources */,
				4242378D2BDC504100215ECE /* String+trimning.swift in Sources */,
				4242378F2BDC50C700215ECE /* ValidationManager.swift in Sources */,
				428497E02BD9AC6300E18E9D /* AppDelegate.swift in Sources */,
				424237932BDC5CCB00215ECE /* UserdefualtManager.swift in Sources */,
				427C98272BDD2DF400939933 /* TransformVC.swift in Sources */,
				424F221D2BD9B75300154AF6 /* Patient_LoginVC.swift in Sources */,
				424237912BDC5A1900215ECE /* Doctor.swift in Sources */,
				424F221F2BD9C0F700154AF6 /* medical_loginVC.swift in Sources */,
				428497E22BD9AC6300E18E9D /* SceneDelegate.swift in Sources */,
				424F22232BD9C4B600154AF6 /* medical_signUpVC.swift in Sources */,
			);
			runOnlyForDeploymentPostprocessing = 0;
		};
/* End PBXSourcesBuildPhase section */

/* Begin PBXVariantGroup section */
		428497E52BD9AC6300E18E9D /* Main.storyboard */ = {
			isa = PBXVariantGroup;
			children = (
				428497E62BD9AC6300E18E9D /* Base */,
			);
			name = Main.storyboard;
			sourceTree = "<group>";
		};
		428497EA2BD9AC6400E18E9D /* LaunchScreen.storyboard */ = {
			isa = PBXVariantGroup;
			children = (
				428497EB2BD9AC6400E18E9D /* Base */,
			);
			name = LaunchScreen.storyboard;
			sourceTree = "<group>";
		};
/* End PBXVariantGroup section */

/* Begin XCBuildConfiguration section */
		428497EE2BD9AC6400E18E9D /* Debug */ = {
			isa = XCBuildConfiguration;
			buildSettings = {
				ALWAYS_SEARCH_USER_PATHS = NO;
				CLANG_ANALYZER_NONNULL = YES;
				CLANG_ANALYZER_NUMBER_OBJECT_CONVERSION = YES_AGGRESSIVE;
				CLANG_CXX_LANGUAGE_STANDARD = "gnu++20";
				CLANG_ENABLE_MODULES = YES;
				CLANG_ENABLE_OBJC_ARC = YES;
				CLANG_ENABLE_OBJC_WEAK = YES;
				CLANG_WARN_BLOCK_CAPTURE_AUTORELEASING = YES;
				CLANG_WARN_BOOL_CONVERSION = YES;
				CLANG_WARN_COMMA = YES;
				CLANG_WARN_CONSTANT_CONVERSION = YES;
				CLANG_WARN_DEPRECATED_OBJC_IMPLEMENTATIONS = YES;
				CLANG_WARN_DIRECT_OBJC_ISA_USAGE = YES_ERROR;
				CLANG_WARN_DOCUMENTATION_COMMENTS = YES;
				CLANG_WARN_EMPTY_BODY = YES;
				CLANG_WARN_ENUM_CONVERSION = YES;
				CLANG_WARN_INFINITE_RECURSION = YES;
				CLANG_WARN_INT_CONVERSION = YES;
				CLANG_WARN_NON_LITERAL_NULL_CONVERSION = YES;
				CLANG_WARN_OBJC_IMPLICIT_RETAIN_SELF = YES;
				CLANG_WARN_OBJC_LITERAL_CONVERSION = YES;
				CLANG_WARN_OBJC_ROOT_CLASS = YES_ERROR;
				CLANG_WARN_QUOTED_INCLUDE_IN_FRAMEWORK_HEADER = YES;
				CLANG_WARN_RANGE_LOOP_ANALYSIS = YES;
				CLANG_WARN_STRICT_PROTOTYPES = YES;
				CLANG_WARN_SUSPICIOUS_MOVE = YES;
				CLANG_WARN_UNGUARDED_AVAILABILITY = YES_AGGRESSIVE;
				CLANG_WARN_UNREACHABLE_CODE = YES;
				CLANG_WARN__DUPLICATE_METHOD_MATCH = YES;
				COPY_PHASE_STRIP = NO;
				DEBUG_INFORMATION_FORMAT = dwarf;
				ENABLE_STRICT_OBJC_MSGSEND = YES;
				ENABLE_TESTABILITY = YES;
				GCC_C_LANGUAGE_STANDARD = gnu11;
				GCC_DYNAMIC_NO_PIC = NO;
				GCC_NO_COMMON_BLOCKS = YES;
				GCC_OPTIMIZATION_LEVEL = 0;
				GCC_PREPROCESSOR_DEFINITIONS = (
					"DEBUG=1",
					"$(inherited)",
				);
				GCC_WARN_64_TO_32_BIT_CONVERSION = YES;
				GCC_WARN_ABOUT_RETURN_TYPE = YES_ERROR;
				GCC_WARN_UNDECLARED_SELECTOR = YES;
				GCC_WARN_UNINITIALIZED_AUTOS = YES_AGGRESSIVE;
				GCC_WARN_UNUSED_FUNCTION = YES;
				GCC_WARN_UNUSED_VARIABLE = YES;
				IPHONEOS_DEPLOYMENT_TARGET = 16.2;
				MTL_ENABLE_DEBUG_INFO = INCLUDE_SOURCE;
				MTL_FAST_MATH = YES;
				ONLY_ACTIVE_ARCH = YES;
				SDKROOT = iphoneos;
				SWIFT_ACTIVE_COMPILATION_CONDITIONS = DEBUG;
				SWIFT_OPTIMIZATION_LEVEL = "-Onone";
			};
			name = Debug;
		};
		428497EF2BD9AC6400E18E9D /* Release */ = {
			isa = XCBuildConfiguration;
			buildSettings = {
				ALWAYS_SEARCH_USER_PATHS = NO;
				CLANG_ANALYZER_NONNULL = YES;
				CLANG_ANALYZER_NUMBER_OBJECT_CONVERSION = YES_AGGRESSIVE;
				CLANG_CXX_LANGUAGE_STANDARD = "gnu++20";
				CLANG_ENABLE_MODULES = YES;
				CLANG_ENABLE_OBJC_ARC = YES;
				CLANG_ENABLE_OBJC_WEAK = YES;
				CLANG_WARN_BLOCK_CAPTURE_AUTORELEASING = YES;
				CLANG_WARN_BOOL_CONVERSION = YES;
				CLANG_WARN_COMMA = YES;
				CLANG_WARN_CONSTANT_CONVERSION = YES;
				CLANG_WARN_DEPRECATED_OBJC_IMPLEMENTATIONS = YES;
				CLANG_WARN_DIRECT_OBJC_ISA_USAGE = YES_ERROR;
				CLANG_WARN_DOCUMENTATION_COMMENTS = YES;
				CLANG_WARN_EMPTY_BODY = YES;
				CLANG_WARN_ENUM_CONVERSION = YES;
				CLANG_WARN_INFINITE_RECURSION = YES;
				CLANG_WARN_INT_CONVERSION = YES;
				CLANG_WARN_NON_LITERAL_NULL_CONVERSION = YES;
				CLANG_WARN_OBJC_IMPLICIT_RETAIN_SELF = YES;
				CLANG_WARN_OBJC_LITERAL_CONVERSION = YES;
				CLANG_WARN_OBJC_ROOT_CLASS = YES_ERROR;
				CLANG_WARN_QUOTED_INCLUDE_IN_FRAMEWORK_HEADER = YES;
				CLANG_WARN_RANGE_LOOP_ANALYSIS = YES;
				CLANG_WARN_STRICT_PROTOTYPES = YES;
				CLANG_WARN_SUSPICIOUS_MOVE = YES;
				CLANG_WARN_UNGUARDED_AVAILABILITY = YES_AGGRESSIVE;
				CLANG_WARN_UNREACHABLE_CODE = YES;
				CLANG_WARN__DUPLICATE_METHOD_MATCH = YES;
				COPY_PHASE_STRIP = NO;
				DEBUG_INFORMATION_FORMAT = "dwarf-with-dsym";
				ENABLE_NS_ASSERTIONS = NO;
				ENABLE_STRICT_OBJC_MSGSEND = YES;
				GCC_C_LANGUAGE_STANDARD = gnu11;
				GCC_NO_COMMON_BLOCKS = YES;
				GCC_WARN_64_TO_32_BIT_CONVERSION = YES;
				GCC_WARN_ABOUT_RETURN_TYPE = YES_ERROR;
				GCC_WARN_UNDECLARED_SELECTOR = YES;
				GCC_WARN_UNINITIALIZED_AUTOS = YES_AGGRESSIVE;
				GCC_WARN_UNUSED_FUNCTION = YES;
				GCC_WARN_UNUSED_VARIABLE = YES;
				IPHONEOS_DEPLOYMENT_TARGET = 16.2;
				MTL_ENABLE_DEBUG_INFO = NO;
				MTL_FAST_MATH = YES;
				SDKROOT = iphoneos;
				SWIFT_COMPILATION_MODE = wholemodule;
				SWIFT_OPTIMIZATION_LEVEL = "-O";
				VALIDATE_PRODUCT = YES;
			};
			name = Release;
		};
		428497F12BD9AC6400E18E9D /* Debug */ = {
			isa = XCBuildConfiguration;
			buildSettings = {
				ASSETCATALOG_COMPILER_APPICON_NAME = AppIcon;
				ASSETCATALOG_COMPILER_GLOBAL_ACCENT_COLOR_NAME = AccentColor;
				CODE_SIGN_STYLE = Automatic;
				CURRENT_PROJECT_VERSION = 1;
				GENERATE_INFOPLIST_FILE = YES;
				INFOPLIST_FILE = docLink/Info.plist;
				INFOPLIST_KEY_UIApplicationSupportsIndirectInputEvents = YES;
				INFOPLIST_KEY_UILaunchStoryboardName = LaunchScreen;
				INFOPLIST_KEY_UIMainStoryboardFile = Main;
				INFOPLIST_KEY_UISupportedInterfaceOrientations_iPad = "UIInterfaceOrientationPortrait UIInterfaceOrientationPortraitUpsideDown UIInterfaceOrientationLandscapeLeft UIInterfaceOrientationLandscapeRight";
				INFOPLIST_KEY_UISupportedInterfaceOrientations_iPhone = "UIInterfaceOrientationPortrait UIInterfaceOrientationLandscapeLeft UIInterfaceOrientationLandscapeRight";
				LD_RUNPATH_SEARCH_PATHS = (
					"$(inherited)",
					"@executable_path/Frameworks",
				);
				MARKETING_VERSION = 1.0;
				PRODUCT_BUNDLE_IDENTIFIER = com.FCI.docLink;
				PRODUCT_NAME = "$(TARGET_NAME)";
				SWIFT_EMIT_LOC_STRINGS = YES;
				SWIFT_VERSION = 5.0;
				TARGETED_DEVICE_FAMILY = "1,2";
			};
			name = Debug;
		};
		428497F22BD9AC6400E18E9D /* Release */ = {
			isa = XCBuildConfiguration;
			buildSettings = {
				ASSETCATALOG_COMPILER_APPICON_NAME = AppIcon;
				ASSETCATALOG_COMPILER_GLOBAL_ACCENT_COLOR_NAME = AccentColor;
				CODE_SIGN_STYLE = Automatic;
				CURRENT_PROJECT_VERSION = 1;
				GENERATE_INFOPLIST_FILE = YES;
				INFOPLIST_FILE = docLink/Info.plist;
				INFOPLIST_KEY_UIApplicationSupportsIndirectInputEvents = YES;
				INFOPLIST_KEY_UILaunchStoryboardName = LaunchScreen;
				INFOPLIST_KEY_UIMainStoryboardFile = Main;
				INFOPLIST_KEY_UISupportedInterfaceOrientations_iPad = "UIInterfaceOrientationPortrait UIInterfaceOrientationPortraitUpsideDown UIInterfaceOrientationLandscapeLeft UIInterfaceOrientationLandscapeRight";
				INFOPLIST_KEY_UISupportedInterfaceOrientations_iPhone = "UIInterfaceOrientationPortrait UIInterfaceOrientationLandscapeLeft UIInterfaceOrientationLandscapeRight";
				LD_RUNPATH_SEARCH_PATHS = (
					"$(inherited)",
					"@executable_path/Frameworks",
				);
				MARKETING_VERSION = 1.0;
				PRODUCT_BUNDLE_IDENTIFIER = com.FCI.docLink;
				PRODUCT_NAME = "$(TARGET_NAME)";
				SWIFT_EMIT_LOC_STRINGS = YES;
				SWIFT_VERSION = 5.0;
				TARGETED_DEVICE_FAMILY = "1,2";
			};
			name = Release;
		};
/* End XCBuildConfiguration section */

/* Begin XCConfigurationList section */
		428497D72BD9AC6300E18E9D /* Build configuration list for PBXProject "docLink" */ = {
			isa = XCConfigurationList;
			buildConfigurations = (
				428497EE2BD9AC6400E18E9D /* Debug */,
				428497EF2BD9AC6400E18E9D /* Release */,
			);
			defaultConfigurationIsVisible = 0;
			defaultConfigurationName = Release;
		};
		428497F02BD9AC6400E18E9D /* Build configuration list for PBXNativeTarget "docLink" */ = {
			isa = XCConfigurationList;
			buildConfigurations = (
				428497F12BD9AC6400E18E9D /* Debug */,
				428497F22BD9AC6400E18E9D /* Release */,
			);
			defaultConfigurationIsVisible = 0;
			defaultConfigurationName = Release;
		};
/* End XCConfigurationList section */

/* Begin XCRemoteSwiftPackageReference section */
		424F22242BDACB4E00154AF6 /* XCRemoteSwiftPackageReference "ios-maps-sdk" */ = {
			isa = XCRemoteSwiftPackageReference;
			repositoryURL = "https://github.com/googlemaps/ios-maps-sdk";
			requirement = {
				branch = main;
				kind = branch;
			};
		};
/* End XCRemoteSwiftPackageReference section */
	};
	rootObject = 428497D42BD9AC6300E18E9D /* Project object */;
}
