{
  "pins" : [
    {
      "identity" : "ios-maps-sdk",
      "kind" : "remoteSourceControl",
      "location" : "https://github.com/googlemaps/ios-maps-sdk",
      "state" : {
        "branch" : "main",
        "revision" : "bd392d7d844b49ec6795871a3c25edd01ab839f2"
      }
    }
  ],
  "version" : 2
}
